
Microsoft Visual Studio Solution File, Format Version 12.00
Project("{FAE04EC0-301F-11D3-BF4B-00C04F79EFBC}") = "CSVSplitter", "CSVSplitter\CSVSplitter.csproj", "{161DC180-B3F2-4864-90D0-85A04818811C}"
EndProject
Global
	GlobalSection(SolutionConfigurationPlatforms) = preSolution
		Debug|Any CPU = Debug|Any CPU
		Release|Any CPU = Release|Any CPU
	EndGlobalSection
	GlobalSection(ProjectConfigurationPlatforms) = postSolution
		{161DC180-B3F2-4864-90D0-85A04818811C}.Debug|Any CPU.ActiveCfg = Debug|Any CPU
		{161DC180-B3F2-4864-90D0-85A04818811C}.Debug|Any CPU.Build.0 = Debug|Any CPU
		{161DC180-B3F2-4864-90D0-85A04818811C}.Release|Any CPU.ActiveCfg = Release|Any CPU
		{161DC180-B3F2-4864-90D0-85A04818811C}.Release|Any CPU.Build.0 = Release|Any CPU
	EndGlobalSection
EndGlobal
